// !$*UTF8*$!
{
	archiveVersion = 1;
	classes = {
	};
	objectVersion = 46;
	objects = {

/* Begin PBXBuildFile section */
		89F0716B1C5AE60500E75780 /* AppDelegate.swift in Sources */ = {isa = PBXBuildFile; fileRef = 89F0716A1C5AE60500E75780 /* AppDelegate.swift */; };
		89F0716D1C5AE60500E75780 /* MainViewController.swift in Sources */ = {isa = PBXBuildFile; fileRef = 89F0716C1C5AE60500E75780 /* MainViewController.swift */; };
		89F0716F1C5AE60500E75780 /* Assets.xcassets in Resources */ = {isa = PBXBuildFile; fileRef = 89F0716E1C5AE60500E75780 /* Assets.xcassets */; };
		89F071721C5AE60500E75780 /* Main.storyboard in Resources */ = {isa = PBXBuildFile; fileRef = 89F071701C5AE60500E75780 /* Main.storyboard */; };
		89F0717D1C5AE60500E75780 /* LocalizationsTests.swift in Sources */ = {isa = PBXBuildFile; fileRef = 89F0717C1C5AE60500E75780 /* LocalizationsTests.swift */; };
		89F071881C5AE60500E75780 /* LocalizationsUITests.swift in Sources */ = {isa = PBXBuildFile; fileRef = 89F071871C5AE60500E75780 /* LocalizationsUITests.swift */; };
		89F0719C1C5D095B00E75780 /* DetailViewController.swift in Sources */ = {isa = PBXBuildFile; fileRef = 89F0719B1C5D095B00E75780 /* DetailViewController.swift */; };
/* End PBXBuildFile section */

/* Begin PBXContainerItemProxy section */
		89F071791C5AE60500E75780 /* PBXContainerItemProxy */ = {
			isa = PBXContainerItemProxy;
			containerPortal = 89F0715F1C5AE60500E75780 /* Project object */;
			proxyType = 1;
			remoteGlobalIDString = 89F071661C5AE60500E75780;
			remoteInfo = Localizations;
		};
		89F071841C5AE60500E75780 /* PBXContainerItemProxy */ = {
			isa = PBXContainerItemProxy;
			containerPortal = 89F0715F1C5AE60500E75780 /* Project object */;
			proxyType = 1;
			remoteGlobalIDString = 89F071661C5AE60500E75780;
			remoteInfo = Localizations;
		};
/* End PBXContainerItemProxy section */

/* Begin PBXFileReference section */
		89F071671C5AE60500E75780 /* Localizations.app */ = {isa = PBXFileReference; explicitFileType = wrapper.application; includeInIndex = 0; path = Localizations.app; sourceTree = BUILT_PRODUCTS_DIR; };
		89F0716A1C5AE60500E75780 /* AppDelegate.swift */ = {isa = PBXFileReference; lastKnownFileType = sourcecode.swift; path = AppDelegate.swift; sourceTree = "<group>"; };
		89F0716C1C5AE60500E75780 /* MainViewController.swift */ = {isa = PBXFileReference; lastKnownFileType = sourcecode.swift; path = MainViewController.swift; sourceTree = "<group>"; };
		89F0716E1C5AE60500E75780 /* Assets.xcassets */ = {isa = PBXFileReference; lastKnownFileType = folder.assetcatalog; path = Assets.xcassets; sourceTree = "<group>"; };
		89F071711C5AE60500E75780 /* Base */ = {isa = PBXFileReference; lastKnownFileType = file.storyboard; name = Base; path = Base.lproj/Main.storyboard; sourceTree = "<group>"; };
		89F071731C5AE60500E75780 /* Info.plist */ = {isa = PBXFileReference; lastKnownFileType = text.plist.xml; path = Info.plist; sourceTree = "<group>"; };
		89F071781C5AE60500E75780 /* LocalizationsTests.xctest */ = {isa = PBXFileReference; explicitFileType = wrapper.cfbundle; includeInIndex = 0; path = LocalizationsTests.xctest; sourceTree = BUILT_PRODUCTS_DIR; };
		89F0717C1C5AE60500E75780 /* LocalizationsTests.swift */ = {isa = PBXFileReference; lastKnownFileType = sourcecode.swift; path = LocalizationsTests.swift; sourceTree = "<group>"; };
		89F0717E1C5AE60500E75780 /* Info.plist */ = {isa = PBXFileReference; lastKnownFileType = text.plist.xml; path = Info.plist; sourceTree = "<group>"; };
		89F071831C5AE60500E75780 /* LocalizationsUITests.xctest */ = {isa = PBXFileReference; explicitFileType = wrapper.cfbundle; includeInIndex = 0; path = LocalizationsUITests.xctest; sourceTree = BUILT_PRODUCTS_DIR; };
		89F071871C5AE60500E75780 /* LocalizationsUITests.swift */ = {isa = PBXFileReference; lastKnownFileType = sourcecode.swift; path = LocalizationsUITests.swift; sourceTree = "<group>"; };
		89F071891C5AE60500E75780 /* Info.plist */ = {isa = PBXFileReference; lastKnownFileType = text.plist.xml; path = Info.plist; sourceTree = "<group>"; };
		89F0719B1C5D095B00E75780 /* DetailViewController.swift */ = {isa = PBXFileReference; fileEncoding = 4; lastKnownFileType = sourcecode.swift; path = DetailViewController.swift; sourceTree = "<group>"; };
/* End PBXFileReference section */

/* Begin PBXFrameworksBuildPhase section */
		89F071641C5AE60500E75780 /* Frameworks */ = {
			isa = PBXFrameworksBuildPhase;
			buildActionMask = 2147483647;
			files = (
			);
			runOnlyForDeploymentPostprocessing = 0;
		};
		89F071751C5AE60500E75780 /* Frameworks */ = {
			isa = PBXFrameworksBuildPhase;
			buildActionMask = 2147483647;
			files = (
			);
			runOnlyForDeploymentPostprocessing = 0;
		};
		89F071801C5AE60500E75780 /* Frameworks */ = {
			isa = PBXFrameworksBuildPhase;
			buildActionMask = 2147483647;
			files = (
			);
			runOnlyForDeploymentPostprocessing = 0;
		};
/* End PBXFrameworksBuildPhase section */

/* Begin PBXGroup section */
		89F0715E1C5AE60500E75780 = {
			isa = PBXGroup;
			children = (
				89F071691C5AE60500E75780 /* Localizations */,
				89F0717B1C5AE60500E75780 /* LocalizationsTests */,
				89F071861C5AE60500E75780 /* LocalizationsUITests */,
				89F071681C5AE60500E75780 /* Products */,
			);
			sourceTree = "<group>";
		};
		89F071681C5AE60500E75780 /* Products */ = {
			isa = PBXGroup;
			children = (
				89F071671C5AE60500E75780 /* Localizations.app */,
				89F071781C5AE60500E75780 /* LocalizationsTests.xctest */,
				89F071831C5AE60500E75780 /* LocalizationsUITests.xctest */,
			);
			name = Products;
			sourceTree = "<group>";
		};
		89F071691C5AE60500E75780 /* Localizations */ = {
			isa = PBXGroup;
			children = (
				89F0716A1C5AE60500E75780 /* AppDelegate.swift */,
				89F0716C1C5AE60500E75780 /* MainViewController.swift */,
				89F0719B1C5D095B00E75780 /* DetailViewController.swift */,
				89F0716E1C5AE60500E75780 /* Assets.xcassets */,
				89F071701C5AE60500E75780 /* Main.storyboard */,
				89F071731C5AE60500E75780 /* Info.plist */,
			);
			path = Localizations;
			sourceTree = "<group>";
		};
		89F0717B1C5AE60500E75780 /* LocalizationsTests */ = {
			isa = PBXGroup;
			children = (
				89F0717C1C5AE60500E75780 /* LocalizationsTests.swift */,
				89F0717E1C5AE60500E75780 /* Info.plist */,
			);
			path = LocalizationsTests;
			sourceTree = "<group>";
		};
		89F071861C5AE60500E75780 /* LocalizationsUITests */ = {
			isa = PBXGroup;
			children = (
				89F071871C5AE60500E75780 /* LocalizationsUITests.swift */,
				89F071891C5AE60500E75780 /* Info.plist */,
			);
			path = LocalizationsUITests;
			sourceTree = "<group>";
		};
/* End PBXGroup section */

/* Begin PBXNativeTarget section */
		89F071661C5AE60500E75780 /* Localizations */ = {
			isa = PBXNativeTarget;
			buildConfigurationList = 89F0718C1C5AE60500E75780 /* Build configuration list for PBXNativeTarget "Localizations" */;
			buildPhases = (
				89F071631C5AE60500E75780 /* Sources */,
				89F071641C5AE60500E75780 /* Frameworks */,
				89F071651C5AE60500E75780 /* Resources */,
				89F0719D1C5D0E4300E75780 /* Additional Warnings */,
			);
			buildRules = (
			);
			dependencies = (
			);
			name = Localizations;
			productName = Localizations;
			productReference = 89F071671C5AE60500E75780 /* Localizations.app */;
			productType = "com.apple.product-type.application";
		};
		89F071771C5AE60500E75780 /* LocalizationsTests */ = {
			isa = PBXNativeTarget;
			buildConfigurationList = 89F0718F1C5AE60500E75780 /* Build configuration list for PBXNativeTarget "LocalizationsTests" */;
			buildPhases = (
				89F071741C5AE60500E75780 /* Sources */,
				89F071751C5AE60500E75780 /* Frameworks */,
				89F071761C5AE60500E75780 /* Resources */,
			);
			buildRules = (
			);
			dependencies = (
				89F0717A1C5AE60500E75780 /* PBXTargetDependency */,
			);
			name = LocalizationsTests;
			productName = LocalizationsTests;
			productReference = 89F071781C5AE60500E75780 /* LocalizationsTests.xctest */;
			productType = "com.apple.product-type.bundle.unit-test";
		};
		89F071821C5AE60500E75780 /* LocalizationsUITests */ = {
			isa = PBXNativeTarget;
			buildConfigurationList = 89F071921C5AE60500E75780 /* Build configuration list for PBXNativeTarget "LocalizationsUITests" */;
			buildPhases = (
				89F0717F1C5AE60500E75780 /* Sources */,
				89F071801C5AE60500E75780 /* Frameworks */,
				89F071811C5AE60500E75780 /* Resources */,
			);
			buildRules = (
			);
			dependencies = (
				89F071851C5AE60500E75780 /* PBXTargetDependency */,
			);
			name = LocalizationsUITests;
			productName = LocalizationsUITests;
			productReference = 89F071831C5AE60500E75780 /* LocalizationsUITests.xctest */;
			productType = "com.apple.product-type.bundle.ui-testing";
		};
/* End PBXNativeTarget section */

/* Begin PBXProject section */
		89F0715F1C5AE60500E75780 /* Project object */ = {
			isa = PBXProject;
			attributes = {
				LastSwiftUpdateCheck = 0720;
				LastUpgradeCheck = 0720;
				ORGANIZATIONNAME = "Arnaud Thiercelin";
				TargetAttributes = {
					89F071661C5AE60500E75780 = {
						CreatedOnToolsVersion = 7.2;
					};
					89F071771C5AE60500E75780 = {
						CreatedOnToolsVersion = 7.2;
						TestTargetID = 89F071661C5AE60500E75780;
					};
					89F071821C5AE60500E75780 = {
						CreatedOnToolsVersion = 7.2;
						TestTargetID = 89F071661C5AE60500E75780;
					};
				};
			};
			buildConfigurationList = 89F071621C5AE60500E75780 /* Build configuration list for PBXProject "Localizations" */;
			compatibilityVersion = "Xcode 3.2";
			developmentRegion = English;
			hasScannedForEncodings = 0;
			knownRegions = (
				en,
				Base,
			);
			mainGroup = 89F0715E1C5AE60500E75780;
			productRefGroup = 89F071681C5AE60500E75780 /* Products */;
			projectDirPath = "";
			projectRoot = "";
			targets = (
				89F071661C5AE60500E75780 /* Localizations */,
				89F071771C5AE60500E75780 /* LocalizationsTests */,
				89F071821C5AE60500E75780 /* LocalizationsUITests */,
			);
		};
/* End PBXProject section */

/* Begin PBXResourcesBuildPhase section */
		89F071651C5AE60500E75780 /* Resources */ = {
			isa = PBXResourcesBuildPhase;
			buildActionMask = 2147483647;
			files = (
				89F0716F1C5AE60500E75780 /* Assets.xcassets in Resources */,
				89F071721C5AE60500E75780 /* Main.storyboard in Resources */,
			);
			runOnlyForDeploymentPostprocessing = 0;
		};
		89F071761C5AE60500E75780 /* Resources */ = {
			isa = PBXResourcesBuildPhase;
			buildActionMask = 2147483647;
			files = (
			);
			runOnlyForDeploymentPostprocessing = 0;
		};
		89F071811C5AE60500E75780 /* Resources */ = {
			isa = PBXResourcesBuildPhase;
			buildActionMask = 2147483647;
			files = (
			);
			runOnlyForDeploymentPostprocessing = 0;
		};
/* End PBXResourcesBuildPhase section */

/* Begin PBXShellScriptBuildPhase section */
		89F0719D1C5D0E4300E75780 /* Additional Warnings */ = {
			isa = PBXShellScriptBuildPhase;
			buildActionMask = 2147483647;
			files = (
			);
			inputPaths = (
			);
			name = "Additional Warnings";
			outputPaths = (
			);
			runOnlyForDeploymentPostprocessing = 0;
			shellPath = /bin/sh;
			shellScript = "KEYWORDS=\"TODO:|FIXME:|\\?\\?\\?:|\\!\\!\\!:\"\nfind \"${SRCROOT}\" \\( -name \"*.h\" -or -name \"*.m\" -or -name \"*.swift\" \\) -print0 | xargs -0 egrep --with-filename --line-number --only-matching \"($KEYWORDS).*\\$\" | perl -p -e \"s/($KEYWORDS)/ warning: \\$1/\"";
		};
/* End PBXShellScriptBuildPhase section */

/* Begin PBXSourcesBuildPhase section */
		89F071631C5AE60500E75780 /* Sources */ = {
			isa = PBXSourcesBuildPhase;
			buildActionMask = 2147483647;
			files = (
				89F0719C1C5D095B00E75780 /* DetailViewController.swift in Sources */,
				89F0716D1C5AE60500E75780 /* MainViewController.swift in Sources */,
				89F0716B1C5AE60500E75780 /* AppDelegate.swift in Sources */,
			);
			runOnlyForDeploymentPostprocessing = 0;
		};
		89F071741C5AE60500E75780 /* Sources */ = {
			isa = PBXSourcesBuildPhase;
			buildActionMask = 2147483647;
			files = (
				89F0717D1C5AE60500E75780 /* LocalizationsTests.swift in Sources */,
			);
			runOnlyForDeploymentPostprocessing = 0;
		};
		89F0717F1C5AE60500E75780 /* Sources */ = {
			isa = PBXSourcesBuildPhase;
			buildActionMask = 2147483647;
			files = (
				89F071881C5AE60500E75780 /* LocalizationsUITests.swift in Sources */,
			);
			runOnlyForDeploymentPostprocessing = 0;
		};
/* End PBXSourcesBuildPhase section */

/* Begin PBXTargetDependency section */
		89F0717A1C5AE60500E75780 /* PBXTargetDependency */ = {
			isa = PBXTargetDependency;
			target = 89F071661C5AE60500E75780 /* Localizations */;
			targetProxy = 89F071791C5AE60500E75780 /* PBXContainerItemProxy */;
		};
		89F071851C5AE60500E75780 /* PBXTargetDependency */ = {
			isa = PBXTargetDependency;
			target = 89F071661C5AE60500E75780 /* Localizations */;
			targetProxy = 89F071841C5AE60500E75780 /* PBXContainerItemProxy */;
		};
/* End PBXTargetDependency section */

/* Begin PBXVariantGroup section */
		89F071701C5AE60500E75780 /* Main.storyboard */ = {
			isa = PBXVariantGroup;
			children = (
				89F071711C5AE60500E75780 /* Base */,
			);
			name = Main.storyboard;
			sourceTree = "<group>";
		};
/* End PBXVariantGroup section */

/* Begin XCBuildConfiguration section */
		89F0718A1C5AE60500E75780 /* Debug */ = {
			isa = XCBuildConfiguration;
			buildSettings = {
				ALWAYS_SEARCH_USER_PATHS = NO;
				CLANG_CXX_LANGUAGE_STANDARD = "gnu++0x";
				CLANG_CXX_LIBRARY = "libc++";
				CLANG_ENABLE_MODULES = YES;
				CLANG_ENABLE_OBJC_ARC = YES;
				CLANG_WARN_BOOL_CONVERSION = YES;
				CLANG_WARN_CONSTANT_CONVERSION = YES;
				CLANG_WARN_DIRECT_OBJC_ISA_USAGE = YES_ERROR;
				CLANG_WARN_EMPTY_BODY = YES;
				CLANG_WARN_ENUM_CONVERSION = YES;
				CLANG_WARN_INT_CONVERSION = YES;
				CLANG_WARN_OBJC_ROOT_CLASS = YES_ERROR;
				CLANG_WARN_UNREACHABLE_CODE = YES;
				CLANG_WARN__DUPLICATE_METHOD_MATCH = YES;
				CODE_SIGN_IDENTITY = "-";
				COPY_PHASE_STRIP = NO;
				DEBUG_INFORMATION_FORMAT = dwarf;
				ENABLE_STRICT_OBJC_MSGSEND = YES;
				ENABLE_TESTABILITY = YES;
				GCC_C_LANGUAGE_STANDARD = gnu99;
				GCC_DYNAMIC_NO_PIC = NO;
				GCC_NO_COMMON_BLOCKS = YES;
				GCC_OPTIMIZATION_LEVEL = 0;
				GCC_PREPROCESSOR_DEFINITIONS = (
					"DEBUG=1",
					"$(inherited)",
				);
				GCC_WARN_64_TO_32_BIT_CONVERSION = YES;
				GCC_WARN_ABOUT_RETURN_TYPE = YES_ERROR;
				GCC_WARN_UNDECLARED_SELECTOR = YES;
				GCC_WARN_UNINITIALIZED_AUTOS = YES_AGGRESSIVE;
				GCC_WARN_UNUSED_FUNCTION = YES;
				GCC_WARN_UNUSED_VARIABLE = YES;
				MACOSX_DEPLOYMENT_TARGET = 10.11;
				MTL_ENABLE_DEBUG_INFO = YES;
				ONLY_ACTIVE_ARCH = YES;
				SDKROOT = macosx;
				SWIFT_OPTIMIZATION_LEVEL = "-Onone";
			};
			name = Debug;
		};
		89F0718B1C5AE60500E75780 /* Release */ = {
			isa = XCBuildConfiguration;
			buildSettings = {
				ALWAYS_SEARCH_USER_PATHS = NO;
				CLANG_CXX_LANGUAGE_STANDARD = "gnu++0x";
				CLANG_CXX_LIBRARY = "libc++";
				CLANG_ENABLE_MODULES = YES;
				CLANG_ENABLE_OBJC_ARC = YES;
				CLANG_WARN_BOOL_CONVERSION = YES;
				CLANG_WARN_CONSTANT_CONVERSION = YES;
				CLANG_WARN_DIRECT_OBJC_ISA_USAGE = YES_ERROR;
				CLANG_WARN_EMPTY_BODY = YES;
				CLANG_WARN_ENUM_CONVERSION = YES;
				CLANG_WARN_INT_CONVERSION = YES;
				CLANG_WARN_OBJC_ROOT_CLASS = YES_ERROR;
				CLANG_WARN_UNREACHABLE_CODE = YES;
				CLANG_WARN__DUPLICATE_METHOD_MATCH = YES;
				CODE_SIGN_IDENTITY = "-";
				COPY_PHASE_STRIP = NO;
				DEBUG_INFORMATION_FORMAT = "dwarf-with-dsym";
				ENABLE_NS_ASSERTIONS = NO;
				ENABLE_STRICT_OBJC_MSGSEND = YES;
				GCC_C_LANGUAGE_STANDARD = gnu99;
				GCC_NO_COMMON_BLOCKS = YES;
				GCC_WARN_64_TO_32_BIT_CONVERSION = YES;
				GCC_WARN_ABOUT_RETURN_TYPE = YES_ERROR;
				GCC_WARN_UNDECLARED_SELECTOR = YES;
				GCC_WARN_UNINITIALIZED_AUTOS = YES_AGGRESSIVE;
				GCC_WARN_UNUSED_FUNCTION = YES;
				GCC_WARN_UNUSED_VARIABLE = YES;
				MACOSX_DEPLOYMENT_TARGET = 10.11;
				MTL_ENABLE_DEBUG_INFO = NO;
				SDKROOT = macosx;
			};
			name = Release;
		};
		89F0718D1C5AE60500E75780 /* Debug */ = {
			isa = XCBuildConfiguration;
			buildSettings = {
				ASSETCATALOG_COMPILER_APPICON_NAME = AppIcon;
				COMBINE_HIDPI_IMAGES = YES;
				INFOPLIST_FILE = Localizations/Info.plist;
				LD_RUNPATH_SEARCH_PATHS = "$(inherited) @executable_path/../Frameworks";
				PRODUCT_BUNDLE_IDENTIFIER = com.arnaudthiercelin.Localizations;
				PRODUCT_NAME = "$(TARGET_NAME)";
			};
			name = Debug;
		};
		89F0718E1C5AE60500E75780 /* Release */ = {
			isa = XCBuildConfiguration;
			buildSettings = {
				ASSETCATALOG_COMPILER_APPICON_NAME = AppIcon;
				COMBINE_HIDPI_IMAGES = YES;
				INFOPLIST_FILE = Localizations/Info.plist;
				LD_RUNPATH_SEARCH_PATHS = "$(inherited) @executable_path/../Frameworks";
				PRODUCT_BUNDLE_IDENTIFIER = com.arnaudthiercelin.Localizations;
				PRODUCT_NAME = "$(TARGET_NAME)";
			};
			name = Release;
		};
		89F071901C5AE60500E75780 /* Debug */ = {
			isa = XCBuildConfiguration;
			buildSettings = {
				BUNDLE_LOADER = "$(TEST_HOST)";
				COMBINE_HIDPI_IMAGES = YES;
				INFOPLIST_FILE = LocalizationsTests/Info.plist;
				LD_RUNPATH_SEARCH_PATHS = "$(inherited) @executable_path/../Frameworks @loader_path/../Frameworks";
				PRODUCT_BUNDLE_IDENTIFIER = com.arnaudthiercelin.LocalizationsTests;
				PRODUCT_NAME = "$(TARGET_NAME)";
				TEST_HOST = "$(BUILT_PRODUCTS_DIR)/Localizations.app/Contents/MacOS/Localizations";
			};
			name = Debug;
		};
		89F071911C5AE60500E75780 /* Release */ = {
			isa = XCBuildConfiguration;
			buildSettings = {
				BUNDLE_LOADER = "$(TEST_HOST)";
				COMBINE_HIDPI_IMAGES = YES;
				INFOPLIST_FILE = LocalizationsTests/Info.plist;
				LD_RUNPATH_SEARCH_PATHS = "$(inherited) @executable_path/../Frameworks @loader_path/../Frameworks";
				PRODUCT_BUNDLE_IDENTIFIER = com.arnaudthiercelin.LocalizationsTests;
				PRODUCT_NAME = "$(TARGET_NAME)";
				TEST_HOST = "$(BUILT_PRODUCTS_DIR)/Localizations.app/Contents/MacOS/Localizations";
			};
			name = Release;
		};
		89F071931C5AE60500E75780 /* Debug */ = {
			isa = XCBuildConfiguration;
			buildSettings = {
				COMBINE_HIDPI_IMAGES = YES;
				INFOPLIST_FILE = LocalizationsUITests/Info.plist;
				LD_RUNPATH_SEARCH_PATHS = "$(inherited) @executable_path/../Frameworks @loader_path/../Frameworks";
				PRODUCT_BUNDLE_IDENTIFIER = com.arnaudthiercelin.LocalizationsUITests;
				PRODUCT_NAME = "$(TARGET_NAME)";
				TEST_TARGET_NAME = Localizations;
				USES_XCTRUNNER = YES;
			};
			name = Debug;
		};
		89F071941C5AE60500E75780 /* Release */ = {
			isa = XCBuildConfiguration;
			buildSettings = {
				COMBINE_HIDPI_IMAGES = YES;
				INFOPLIST_FILE = LocalizationsUITests/Info.plist;
				LD_RUNPATH_SEARCH_PATHS = "$(inherited) @executable_path/../Frameworks @loader_path/../Frameworks";
				PRODUCT_BUNDLE_IDENTIFIER = com.arnaudthiercelin.LocalizationsUITests;
				PRODUCT_NAME = "$(TARGET_NAME)";
				TEST_TARGET_NAME = Localizations;
				USES_XCTRUNNER = YES;
			};
			name = Release;
		};
/* End XCBuildConfiguration section */

/* Begin XCConfigurationList section */
		89F071621C5AE60500E75780 /* Build configuration list for PBXProject "Localizations" */ = {
			isa = XCConfigurationList;
			buildConfigurations = (
				89F0718A1C5AE60500E75780 /* Debug */,
				89F0718B1C5AE60500E75780 /* Release */,
			);
			defaultConfigurationIsVisible = 0;
			defaultConfigurationName = Release;
		};
		89F0718C1C5AE60500E75780 /* Build configuration list for PBXNativeTarget "Localizations" */ = {
			isa = XCConfigurationList;
			buildConfigurations = (
				89F0718D1C5AE60500E75780 /* Debug */,
				89F0718E1C5AE60500E75780 /* Release */,
			);
			defaultConfigurationIsVisible = 0;
			defaultConfigurationName = Release;
		};
		89F0718F1C5AE60500E75780 /* Build configuration list for PBXNativeTarget "LocalizationsTests" */ = {
			isa = XCConfigurationList;
			buildConfigurations = (
				89F071901C5AE60500E75780 /* Debug */,
				89F071911C5AE60500E75780 /* Release */,
			);
			defaultConfigurationIsVisible = 0;
			defaultConfigurationName = Release;
		};
		89F071921C5AE60500E75780 /* Build configuration list for PBXNativeTarget "LocalizationsUITests" */ = {
			isa = XCConfigurationList;
			buildConfigurations = (
				89F071931C5AE60500E75780 /* Debug */,
				89F071941C5AE60500E75780 /* Release */,
			);
			defaultConfigurationIsVisible = 0;
			defaultConfigurationName = Release;
		};
/* End XCConfigurationList section */
	};
	rootObject = 89F0715F1C5AE60500E75780 /* Project object */;
}
